<?xml version="1.0" encoding="utf-8"?>
<Project ToolsVersion="4.0" xmlns="http://schemas.microsoft.com/developer/msbuild/2003">
  <ItemGroup>
    <Filter Include="소스 파일">
      <UniqueIdentifier>{4FC737F1-C7A5-4376-A066-2A32D752A2FF}</UniqueIdentifier>
      <Extensions>cpp;c;cc;cxx;c++;cppm;ixx;def;odl;idl;hpj;bat;asm;asmx</Extensions>
    </Filter>
    <Filter Include="헤더 파일">
      <UniqueIdentifier>{93995380-89BD-4b04-88EB-625FBE52EBFB}</UniqueIdentifier>
      <Extensions>h;hh;hpp;hxx;h++;hm;inl;inc;ipp;xsd</Extensions>
    </Filter>
    <Filter Include="리소스 파일">
      <UniqueIdentifier>{67DA6AB6-F800-4c08-8B7A-83BB121AAD01}</UniqueIdentifier>
      <Extensions>rc;ico;cur;bmp;dlg;rc2;rct;bin;rgs;gif;jpg;jpeg;jpe;resx;tiff;tif;png;wav;mfcribbon-ms</Extensions>
    </Filter>
    <Filter Include="GameObject">
      <UniqueIdentifier>{1ac1563b-a89a-4b05-b3c4-e516af41d11e}</UniqueIdentifier>
    </Filter>
    <Filter Include="MyImage">
      <UniqueIdentifier>{1dbdab64-e8b2-4404-a48f-f095532f1be3}</UniqueIdentifier>
    </Filter>
    <Filter Include="GameObject\PlayerObject">
      <UniqueIdentifier>{a3a987cf-80bd-4fa3-b0aa-683b36216e81}</UniqueIdentifier>
    </Filter>
    <Filter Include="GameObject\TileObject">
      <UniqueIdentifier>{22746e22-d5b1-4eeb-93ae-b80b72596d01}</UniqueIdentifier>
    </Filter>
    <Filter Include="SceneBase">
      <UniqueIdentifier>{fdd330a5-46df-443d-96aa-c078c3fa2ab8}</UniqueIdentifier>
    </Filter>
    <Filter Include="SceneBase\Scene1">
      <UniqueIdentifier>{43c9f674-a7c2-4455-9c89-b5804a2ad999}</UniqueIdentifier>
    </Filter>
    <Filter Include="GameObject\ArrowObject">
      <UniqueIdentifier>{1ed1ffdf-e39b-4288-a16b-92b14ea1cfdd}</UniqueIdentifier>
    </Filter>
    <Filter Include="SceneBase\Scene2">
      <UniqueIdentifier>{9ad17400-160a-4698-ba5c-8c2b1b86f9bb}</UniqueIdentifier>
    </Filter>
    <Filter Include="SceneBase\Scene3">
      <UniqueIdentifier>{2a4debe2-90b7-4136-9cac-fef1932620ad}</UniqueIdentifier>
    </Filter>
    <Filter Include="GameObject\MonsterObject">
      <UniqueIdentifier>{b49df01a-fd40-4d9e-9f25-4a3d5d9250ba}</UniqueIdentifier>
    </Filter>
    <Filter Include="GameObject\BossObject">
      <UniqueIdentifier>{963a5eb4-46cc-429d-993d-afb8c557d767}</UniqueIdentifier>
    </Filter>
    <Filter Include="GameObject\FireObject">
      <UniqueIdentifier>{80e28723-8e78-4b80-8eec-2074798215c4}</UniqueIdentifier>
    </Filter>
    <Filter Include="GameObject\ItemObject">
      <UniqueIdentifier>{c7093ae0-686a-4d0c-baf5-2eb20e7ac89f}</UniqueIdentifier>
    </Filter>
    <Filter Include="SceneBase\Scene0">
      <UniqueIdentifier>{9bfe2de2-a27e-4c14-bd7d-c442d7582f48}</UniqueIdentifier>
    </Filter>
    <Filter Include="SceneBase\Scene4">
      <UniqueIdentifier>{63fd92b9-5c49-488f-a0c0-3c721a6066f6}</UniqueIdentifier>
    </Filter>
  </ItemGroup>
  <ItemGroup>
    <ClCompile Include="Twin_Shot_Reborn.cpp">
      <Filter>소스 파일</Filter>
    </ClCompile>
    <ClCompile Include="GameFramework.cpp">
      <Filter>소스 파일</Filter>
    </ClCompile>
    <ClCompile Include="SceneBase.cpp">
      <Filter>SceneBase</Filter>
    </ClCompile>
    <ClCompile Include="Scene1.cpp">
      <Filter>SceneBase\Scene1</Filter>
    </ClCompile>
    <ClCompile Include="GameObject.cpp">
      <Filter>GameObject</Filter>
    </ClCompile>
    <ClCompile Include="MyImage.cpp">
      <Filter>MyImage</Filter>
    </ClCompile>
    <ClCompile Include="PlayerObject.cpp">
      <Filter>GameObject\PlayerObject</Filter>
    </ClCompile>
    <ClCompile Include="TileObject.cpp">
      <Filter>GameObject\TileObject</Filter>
    </ClCompile>
    <ClCompile Include="ArrowObject.cpp">
      <Filter>GameObject\ArrowObject</Filter>
    </ClCompile>
    <ClCompile Include="Scene2.cpp">
      <Filter>SceneBase\Scene2</Filter>
    </ClCompile>
    <ClCompile Include="Scene3.cpp">
      <Filter>SceneBase\Scene3</Filter>
    </ClCompile>
    <ClCompile Include="MonsterObject.cpp">
      <Filter>GameObject\MonsterObject</Filter>
    </ClCompile>
    <ClCompile Include="BossObject.cpp">
      <Filter>GameObject\BossObject</Filter>
    </ClCompile>
    <ClCompile Include="FireObject.cpp">
      <Filter>GameObject\FireObject</Filter>
    </ClCompile>
    <ClCompile Include="ItemObject.cpp">
      <Filter>GameObject\ItemObject</Filter>
    </ClCompile>
    <ClCompile Include="Scene0.cpp">
      <Filter>SceneBase\Scene0</Filter>
    </ClCompile>
    <ClCompile Include="Scene4.cpp">
      <Filter>SceneBase\Scene4</Filter>
    </ClCompile>
  </ItemGroup>
  <ItemGroup>
    <ClInclude Include="SceneBase.h">
      <Filter>SceneBase</Filter>
    </ClInclude>
    <ClInclude Include="Scene1.h">
      <Filter>SceneBase\Scene1</Filter>
    </ClInclude>
    <ClInclude Include="GameFramework.h">
      <Filter>헤더 파일</Filter>
    </ClInclude>
    <ClInclude Include="GameObject.h">
      <Filter>GameObject</Filter>
    </ClInclude>
    <ClInclude Include="MyImage.h">
      <Filter>MyImage</Filter>
    </ClInclude>
    <ClInclude Include="PlayerObject.h">
      <Filter>GameObject\PlayerObject</Filter>
    </ClInclude>
    <ClInclude Include="Define.h">
      <Filter>헤더 파일</Filter>
    </ClInclude>
    <ClInclude Include="TileObject.h">
      <Filter>GameObject\TileObject</Filter>
    </ClInclude>
    <ClInclude Include="ArrowObject.h">
      <Filter>GameObject\ArrowObject</Filter>
    </ClInclude>
    <ClInclude Include="Scene2.h">
      <Filter>SceneBase\Scene2</Filter>
    </ClInclude>
    <ClInclude Include="Scene3.h">
      <Filter>SceneBase\Scene3</Filter>
    </ClInclude>
    <ClInclude Include="MonsterObject.h">
      <Filter>GameObject\MonsterObject</Filter>
    </ClInclude>
    <ClInclude Include="BossObject.h">
      <Filter>GameObject\BossObject</Filter>
    </ClInclude>
    <ClInclude Include="FireObject.h">
      <Filter>GameObject\FireObject</Filter>
    </ClInclude>
    <ClInclude Include="ItemObject.h">
      <Filter>GameObject\ItemObject</Filter>
    </ClInclude>
    <ClInclude Include="Scene0.h">
      <Filter>SceneBase\Scene0</Filter>
    </ClInclude>
    <ClInclude Include="Scene4.h">
      <Filter>SceneBase\Scene4</Filter>
    </ClInclude>
  </ItemGroup>
</Project>